<Solution>
  <Project Path="SafeDoc.Business/SafeDoc.Business.csproj" Id="b6391878-263e-41a8-862c-c31af60a768b" />
  <Project Path="SafeDoc.Device/SafeDoc.Device.csproj" Id="0c75604d-a604-4683-b489-57094f22ccf5" />
  <Project Path="SafeDoc.Models/SafeDoc.Models.csproj" Id="16decfb5-e68b-4371-a9d8-45b9d7609c48" />
  <Project Path="SafeDoc.UI/SafeDoc.UI.csproj" Id="de111068-d95b-4035-875f-9817db28c992" />
</Solution>
